{
  "requires": true,
  "lockfileVersion": 1,
  "dependencies": {
    "dark-mode-switch": {
      "version": "1.0.0",
      "resolved": "https://registry.npmjs.org/dark-mode-switch/-/dark-mode-switch-1.0.0.tgz",
      "integrity": "sha512-wRoqYGmph7mwRbPcSNRR6DpRQe5wOK0lG6O3Hz7nIWWDyLAHSqje7PUI6c/acOYACiSPHc7sqysn57GSuklb6w=="
    }
  }
}
